
Microsoft Visual Studio Solution File, Format Version 12.00
# Visual Studio Version 16
VisualStudioVersion = 16.0.30204.135
MinimumVisualStudioVersion = 10.0.40219.1
Project("{FAE04EC0-301F-11D3-BF4B-00C04F79EFBC}") = "chart", "chart\chart.csproj", "{2005D9C8-7179-47D3-9E31-FED25C4D8F4F}"
EndProject
Global
	GlobalSection(SolutionConfigurationPlatforms) = preSolution
		Debug|Any CPU = Debug|Any CPU
		Release|Any CPU = Release|Any CPU
	EndGlobalSection
	GlobalSection(ProjectConfigurationPlatforms) = postSolution
		{2005D9C8-7179-47D3-9E31-FED25C4D8F4F}.Debug|Any CPU.ActiveCfg = Debug|Any CPU
		{2005D9C8-7179-47D3-9E31-FED25C4D8F4F}.Debug|Any CPU.Build.0 = Debug|Any CPU
		{2005D9C8-7179-47D3-9E31-FED25C4D8F4F}.Release|Any CPU.ActiveCfg = Release|Any CPU
		{2005D9C8-7179-47D3-9E31-FED25C4D8F4F}.Release|Any CPU.Build.0 = Release|Any CPU
	EndGlobalSection
	GlobalSection(SolutionProperties) = preSolution
		HideSolutionNode = FALSE
	EndGlobalSection
	GlobalSection(ExtensibilityGlobals) = postSolution
		SolutionGuid = {B54EFB34-29EB-432B-808D-098784127A05}
	EndGlobalSection
EndGlobal
