
Microsoft Visual Studio Solution File, Format Version 12.00
# Visual Studio Version 16
VisualStudioVersion = 16.0.30413.136
MinimumVisualStudioVersion = 10.0.40219.1
Project("{FAE04EC0-301F-11D3-BF4B-00C04F79EFBC}") = "nextLab3", "nextLab3\nextLab3.csproj", "{80D70C1D-8B81-4FCF-AA25-A1BC74B831FB}"
EndProject
Global
	GlobalSection(SolutionConfigurationPlatforms) = preSolution
		Debug|Any CPU = Debug|Any CPU
		Release|Any CPU = Release|Any CPU
	EndGlobalSection
	GlobalSection(ProjectConfigurationPlatforms) = postSolution
		{80D70C1D-8B81-4FCF-AA25-A1BC74B831FB}.Debug|Any CPU.ActiveCfg = Debug|Any CPU
		{80D70C1D-8B81-4FCF-AA25-A1BC74B831FB}.Debug|Any CPU.Build.0 = Debug|Any CPU
		{80D70C1D-8B81-4FCF-AA25-A1BC74B831FB}.Release|Any CPU.ActiveCfg = Release|Any CPU
		{80D70C1D-8B81-4FCF-AA25-A1BC74B831FB}.Release|Any CPU.Build.0 = Release|Any CPU
	EndGlobalSection
	GlobalSection(SolutionProperties) = preSolution
		HideSolutionNode = FALSE
	EndGlobalSection
	GlobalSection(ExtensibilityGlobals) = postSolution
		SolutionGuid = {76F7191C-5D56-4271-83E5-45A9920AF6DC}
	EndGlobalSection
EndGlobal
