
Microsoft Visual Studio Solution File, Format Version 12.00
# Visual Studio Version 16
VisualStudioVersion = 16.0.30413.136
MinimumVisualStudioVersion = 10.0.40219.1
Project("{FAE04EC0-301F-11D3-BF4B-00C04F79EFBC}") = "FourthLab", "FourthLab\FourthLab.csproj", "{1CDF988C-46BB-49F2-98A8-947C2B7A1157}"
EndProject
Global
	GlobalSection(SolutionConfigurationPlatforms) = preSolution
		Debug|Any CPU = Debug|Any CPU
		Release|Any CPU = Release|Any CPU
	EndGlobalSection
	GlobalSection(ProjectConfigurationPlatforms) = postSolution
		{1CDF988C-46BB-49F2-98A8-947C2B7A1157}.Debug|Any CPU.ActiveCfg = Debug|Any CPU
		{1CDF988C-46BB-49F2-98A8-947C2B7A1157}.Debug|Any CPU.Build.0 = Debug|Any CPU
		{1CDF988C-46BB-49F2-98A8-947C2B7A1157}.Release|Any CPU.ActiveCfg = Release|Any CPU
		{1CDF988C-46BB-49F2-98A8-947C2B7A1157}.Release|Any CPU.Build.0 = Release|Any CPU
	EndGlobalSection
	GlobalSection(SolutionProperties) = preSolution
		HideSolutionNode = FALSE
	EndGlobalSection
	GlobalSection(ExtensibilityGlobals) = postSolution
		SolutionGuid = {40530A1E-13A1-436D-85B9-2005817619DA}
	EndGlobalSection
EndGlobal
