
Microsoft Visual Studio Solution File, Format Version 12.00
# Visual Studio Version 16
VisualStudioVersion = 16.0.30413.136
MinimumVisualStudioVersion = 10.0.40219.1
Project("{FAE04EC0-301F-11D3-BF4B-00C04F79EFBC}") = "X_O", "X_O\X_O.csproj", "{AE7D414E-3AC1-4568-AEF5-2AFAD4AF793A}"
EndProject
Global
	GlobalSection(SolutionConfigurationPlatforms) = preSolution
		Debug|Any CPU = Debug|Any CPU
		Release|Any CPU = Release|Any CPU
	EndGlobalSection
	GlobalSection(ProjectConfigurationPlatforms) = postSolution
		{AE7D414E-3AC1-4568-AEF5-2AFAD4AF793A}.Debug|Any CPU.ActiveCfg = Debug|Any CPU
		{AE7D414E-3AC1-4568-AEF5-2AFAD4AF793A}.Debug|Any CPU.Build.0 = Debug|Any CPU
		{AE7D414E-3AC1-4568-AEF5-2AFAD4AF793A}.Release|Any CPU.ActiveCfg = Release|Any CPU
		{AE7D414E-3AC1-4568-AEF5-2AFAD4AF793A}.Release|Any CPU.Build.0 = Release|Any CPU
	EndGlobalSection
	GlobalSection(SolutionProperties) = preSolution
		HideSolutionNode = FALSE
	EndGlobalSection
	GlobalSection(ExtensibilityGlobals) = postSolution
		SolutionGuid = {FD7A21AD-4F31-4483-9AAA-F9084859A1F4}
	EndGlobalSection
EndGlobal
